speakeasyVersion: 1.559.0
sources:
    Config API:
        sourceNamespace: config-api
        sourceRevisionDigest: sha256:8a942c1cb3f96f7c5a153034489c897d1d522d75bce588e7bb43ad96de65dfdd
        sourceBlobDigest: sha256:add94d7751c3555340261cf3485d6fbab5e127242c4be1f542057fbe2edebee3
        tags:
            - latest
            - speakeasy-sdk-regen-1749573393
            - 0.2.2
targets:
    config-js:
        source: Config API
        sourceNamespace: config-api
        sourceRevisionDigest: sha256:8a942c1cb3f96f7c5a153034489c897d1d522d75bce588e7bb43ad96de65dfdd
        sourceBlobDigest: sha256:add94d7751c3555340261cf3485d6fbab5e127242c4be1f542057fbe2edebee3
        codeSamplesNamespace: config-api-typescript-code-samples
        codeSamplesRevisionDigest: sha256:7ba03fe9e1e13ea9cabfd48f5a65b23a9a03b8d823a17c2213999eaf2ca1b136
workflow:
    workflowVersion: 1.0.0
    speakeasyVersion: latest
    sources:
        Config API:
            inputs:
                - location: https://cloudinary.github.io/api-schemas/config/schema.yml
            overlays:
                - location: https://cloudinary.github.io/api-schemas/overlays/security-scheme-cloud-overlay.yaml
                - location: https://cloudinary.github.io/api-schemas/overlays/cloud-name-overlay.yml
                - location: https://cloudinary.github.io/api-schemas/overlays/mcp-disabled.yml
                - location: https://cloudinary.github.io/api-schemas/overlays/remove-mcp-description.yml
            registry:
                location: registry.speakeasyapi.dev/cloudinary/cloudinary/config-api
    targets:
        config-js:
            target: typescript
            source: Config API
            publish:
                npm:
                    token: $npm_token
            codeSamples:
                registry:
                    location: registry.speakeasyapi.dev/cloudinary/cloudinary/config-api-typescript-code-samples
                labelOverride:
                    fixedValue: Typescript (SDK)
                blocking: false
