speakeasyVersion: 1.559.0
sources:
    Config API:
        sourceNamespace: config-api
        sourceRevisionDigest: sha256:56e8f09544e5a8c63d1404071a88516e31826454d473e5ef72ab752c1e0d53fb
        sourceBlobDigest: sha256:2c8b408ca63994318f80556d42f15591fc8efc28d877a149afb64435b56f4533
        tags:
            - latest
            - speakeasy-sdk-regen-1749556078
            - 0.2.0
targets:
    config-js:
        source: Config API
        sourceNamespace: config-api
        sourceRevisionDigest: sha256:56e8f09544e5a8c63d1404071a88516e31826454d473e5ef72ab752c1e0d53fb
        sourceBlobDigest: sha256:2c8b408ca63994318f80556d42f15591fc8efc28d877a149afb64435b56f4533
        codeSamplesNamespace: config-api-typescript-code-samples
        codeSamplesRevisionDigest: sha256:505de3ced6002d3a5068a992c33d36e5bcde33da30b083bb557e05c9b2e10d30
workflow:
    workflowVersion: 1.0.0
    speakeasyVersion: latest
    sources:
        Config API:
            inputs:
                - location: https://cloudinary.github.io/api-schemas/config/schema.yml
            overlays:
                - location: https://cloudinary.github.io/api-schemas/overlays/security-scheme-cloud-overlay.yaml
                - location: https://cloudinary.github.io/api-schemas/overlays/cloud-name-overlay.yml
                - location: https://cloudinary.github.io/api-schemas/overlays/mcp-disabled.yml
                - location: https://cloudinary.github.io/api-schemas/overlays/remove-mcp-description.yml
            registry:
                location: registry.speakeasyapi.dev/cloudinary/cloudinary/config-api
    targets:
        config-js:
            target: typescript
            source: Config API
            publish:
                npm:
                    token: $npm_token
            codeSamples:
                registry:
                    location: registry.speakeasyapi.dev/cloudinary/cloudinary/config-api-typescript-code-samples
                labelOverride:
                    fixedValue: Typescript (SDK)
                blocking: false
